
Microsoft Visual Studio Solution File, Format Version 12.00
# Visual Studio 15
VisualStudioVersion = 15.0.26730.10
MinimumVisualStudioVersion = 10.0.40219.1
Project("{9A19103F-16F7-4668-BE54-9A1E7A4F7556}") = "Domain", "Domain\Domain.csproj", "{9BA74065-4181-49B7-8CB1-C1145E7B545D}"
EndProject
Project("{9A19103F-16F7-4668-BE54-9A1E7A4F7556}") = "Infra.Repositories", "Repositories\Infra.Repositories.csproj", "{20FA842D-1E17-4C02-AB3E-D0BA9574079A}"
EndProject
Project("{9A19103F-16F7-4668-BE54-9A1E7A4F7556}") = "Application", "Application\Application.csproj", "{A10FCDE3-595F-4A05-A413-4219EDA076EB}"
EndProject
Project("{9A19103F-16F7-4668-BE54-9A1E7A4F7556}") = "Infra.DependencyResolver", "DependencyResolver\Infra.DependencyResolver.csproj", "{8319E023-9B52-408D-8DD6-07ABC591377A}"
EndProject
Project("{9A19103F-16F7-4668-BE54-9A1E7A4F7556}") = "Domain.SharedKernel", "SharedKernel\Domain.SharedKernel.csproj", "{6BD733B8-FE8E-4A85-BB04-4CC5FC37A08A}"
EndProject
Project("{9A19103F-16F7-4668-BE54-9A1E7A4F7556}") = "Tests", "Tests\Tests.csproj", "{24863EF3-7A7E-4258-82F7-EE82DF67A538}"
EndProject
Project("{9A19103F-16F7-4668-BE54-9A1E7A4F7556}") = "App.WebAPI", "App.WebAPI\App.WebAPI.csproj", "{6188663F-C0CD-40CE-949F-06E3FF650CBC}"
EndProject
Project("{2150E333-8FDC-42A3-9474-1A3956D46DE8}") = "2-Application", "2-Application", "{B717F70B-A3AF-469D-8219-EBA2DFEF5100}"
EndProject
Project("{2150E333-8FDC-42A3-9474-1A3956D46DE8}") = "1-Presentation", "1-Presentation", "{A6451EBA-A9A7-43F6-A183-9358E0AC82C3}"
EndProject
Project("{2150E333-8FDC-42A3-9474-1A3956D46DE8}") = "3-Domain", "3-Domain", "{0BB9FB77-2736-4ACC-B9C7-5E1E0889FB4F}"
EndProject
Project("{2150E333-8FDC-42A3-9474-1A3956D46DE8}") = "4-Infra", "4-Infra", "{F70A842D-E8E9-47A9-B8D9-6B893887F443}"
EndProject
Project("{2150E333-8FDC-42A3-9474-1A3956D46DE8}") = "5-Testes", "5-Testes", "{CD754A87-D5C2-4B1A-858A-FAFF0E554832}"
EndProject
Project("{00D1A9C2-B5F0-4AF3-8072-F6C62B433612}") = "Infra.Database", "Infra.Database\Infra.Database.sqlproj", "{705BF22A-2EB4-431E-B047-03A456B102C3}"
EndProject
Project("{FAE04EC0-301F-11D3-BF4B-00C04F79EFBC}") = "Infra.TenantGenerator", "Infra.TenantGenerator\Infra.TenantGenerator.csproj", "{B8AEA3DB-0348-4CB8-82D7-FDD13136FF4C}"
EndProject
Global
	GlobalSection(SolutionConfigurationPlatforms) = preSolution
		Debug|Any CPU = Debug|Any CPU
		Release|Any CPU = Release|Any CPU
	EndGlobalSection
	GlobalSection(ProjectConfigurationPlatforms) = postSolution
		{9BA74065-4181-49B7-8CB1-C1145E7B545D}.Debug|Any CPU.ActiveCfg = Debug|Any CPU
		{9BA74065-4181-49B7-8CB1-C1145E7B545D}.Debug|Any CPU.Build.0 = Debug|Any CPU
		{9BA74065-4181-49B7-8CB1-C1145E7B545D}.Release|Any CPU.ActiveCfg = Release|Any CPU
		{9BA74065-4181-49B7-8CB1-C1145E7B545D}.Release|Any CPU.Build.0 = Release|Any CPU
		{20FA842D-1E17-4C02-AB3E-D0BA9574079A}.Debug|Any CPU.ActiveCfg = Debug|Any CPU
		{20FA842D-1E17-4C02-AB3E-D0BA9574079A}.Debug|Any CPU.Build.0 = Debug|Any CPU
		{20FA842D-1E17-4C02-AB3E-D0BA9574079A}.Release|Any CPU.ActiveCfg = Release|Any CPU
		{20FA842D-1E17-4C02-AB3E-D0BA9574079A}.Release|Any CPU.Build.0 = Release|Any CPU
		{A10FCDE3-595F-4A05-A413-4219EDA076EB}.Debug|Any CPU.ActiveCfg = Debug|Any CPU
		{A10FCDE3-595F-4A05-A413-4219EDA076EB}.Debug|Any CPU.Build.0 = Debug|Any CPU
		{A10FCDE3-595F-4A05-A413-4219EDA076EB}.Release|Any CPU.ActiveCfg = Release|Any CPU
		{A10FCDE3-595F-4A05-A413-4219EDA076EB}.Release|Any CPU.Build.0 = Release|Any CPU
		{8319E023-9B52-408D-8DD6-07ABC591377A}.Debug|Any CPU.ActiveCfg = Debug|Any CPU
		{8319E023-9B52-408D-8DD6-07ABC591377A}.Debug|Any CPU.Build.0 = Debug|Any CPU
		{8319E023-9B52-408D-8DD6-07ABC591377A}.Release|Any CPU.ActiveCfg = Release|Any CPU
		{8319E023-9B52-408D-8DD6-07ABC591377A}.Release|Any CPU.Build.0 = Release|Any CPU
		{6BD733B8-FE8E-4A85-BB04-4CC5FC37A08A}.Debug|Any CPU.ActiveCfg = Debug|Any CPU
		{6BD733B8-FE8E-4A85-BB04-4CC5FC37A08A}.Debug|Any CPU.Build.0 = Debug|Any CPU
		{6BD733B8-FE8E-4A85-BB04-4CC5FC37A08A}.Release|Any CPU.ActiveCfg = Release|Any CPU
		{6BD733B8-FE8E-4A85-BB04-4CC5FC37A08A}.Release|Any CPU.Build.0 = Release|Any CPU
		{24863EF3-7A7E-4258-82F7-EE82DF67A538}.Debug|Any CPU.ActiveCfg = Debug|Any CPU
		{24863EF3-7A7E-4258-82F7-EE82DF67A538}.Debug|Any CPU.Build.0 = Debug|Any CPU
		{24863EF3-7A7E-4258-82F7-EE82DF67A538}.Release|Any CPU.ActiveCfg = Release|Any CPU
		{24863EF3-7A7E-4258-82F7-EE82DF67A538}.Release|Any CPU.Build.0 = Release|Any CPU
		{6188663F-C0CD-40CE-949F-06E3FF650CBC}.Debug|Any CPU.ActiveCfg = Debug|Any CPU
		{6188663F-C0CD-40CE-949F-06E3FF650CBC}.Debug|Any CPU.Build.0 = Debug|Any CPU
		{6188663F-C0CD-40CE-949F-06E3FF650CBC}.Release|Any CPU.ActiveCfg = Release|Any CPU
		{6188663F-C0CD-40CE-949F-06E3FF650CBC}.Release|Any CPU.Build.0 = Release|Any CPU
		{705BF22A-2EB4-431E-B047-03A456B102C3}.Debug|Any CPU.ActiveCfg = Debug|Any CPU
		{705BF22A-2EB4-431E-B047-03A456B102C3}.Debug|Any CPU.Build.0 = Debug|Any CPU
		{705BF22A-2EB4-431E-B047-03A456B102C3}.Debug|Any CPU.Deploy.0 = Debug|Any CPU
		{705BF22A-2EB4-431E-B047-03A456B102C3}.Release|Any CPU.ActiveCfg = Release|Any CPU
		{705BF22A-2EB4-431E-B047-03A456B102C3}.Release|Any CPU.Build.0 = Release|Any CPU
		{705BF22A-2EB4-431E-B047-03A456B102C3}.Release|Any CPU.Deploy.0 = Release|Any CPU
		{B8AEA3DB-0348-4CB8-82D7-FDD13136FF4C}.Debug|Any CPU.ActiveCfg = Debug|Any CPU
		{B8AEA3DB-0348-4CB8-82D7-FDD13136FF4C}.Debug|Any CPU.Build.0 = Debug|Any CPU
		{B8AEA3DB-0348-4CB8-82D7-FDD13136FF4C}.Release|Any CPU.ActiveCfg = Release|Any CPU
		{B8AEA3DB-0348-4CB8-82D7-FDD13136FF4C}.Release|Any CPU.Build.0 = Release|Any CPU
	EndGlobalSection
	GlobalSection(SolutionProperties) = preSolution
		HideSolutionNode = FALSE
	EndGlobalSection
	GlobalSection(NestedProjects) = preSolution
		{9BA74065-4181-49B7-8CB1-C1145E7B545D} = {0BB9FB77-2736-4ACC-B9C7-5E1E0889FB4F}
		{20FA842D-1E17-4C02-AB3E-D0BA9574079A} = {F70A842D-E8E9-47A9-B8D9-6B893887F443}
		{A10FCDE3-595F-4A05-A413-4219EDA076EB} = {B717F70B-A3AF-469D-8219-EBA2DFEF5100}
		{8319E023-9B52-408D-8DD6-07ABC591377A} = {F70A842D-E8E9-47A9-B8D9-6B893887F443}
		{6BD733B8-FE8E-4A85-BB04-4CC5FC37A08A} = {0BB9FB77-2736-4ACC-B9C7-5E1E0889FB4F}
		{24863EF3-7A7E-4258-82F7-EE82DF67A538} = {CD754A87-D5C2-4B1A-858A-FAFF0E554832}
		{6188663F-C0CD-40CE-949F-06E3FF650CBC} = {B717F70B-A3AF-469D-8219-EBA2DFEF5100}
		{705BF22A-2EB4-431E-B047-03A456B102C3} = {F70A842D-E8E9-47A9-B8D9-6B893887F443}
		{B8AEA3DB-0348-4CB8-82D7-FDD13136FF4C} = {F70A842D-E8E9-47A9-B8D9-6B893887F443}
	EndGlobalSection
	GlobalSection(ExtensibilityGlobals) = postSolution
		SolutionGuid = {398A7A4C-CB07-4E72-B924-549B2D1A3F3F}
	EndGlobalSection
EndGlobal
